
Microsoft Visual Studio Solution File, Format Version 12.00
# Visual Studio Version 16
VisualStudioVersion = 16.0.29102.190
MinimumVisualStudioVersion = 10.0.40219.1
Project("{FAE04EC0-301F-11D3-BF4B-00C04F79EFBC}") = "Proyecto", "Proyecto\Proyecto.csproj", "{4E99586B-ECF2-4099-A2EE-58051D31BFAD}"
EndProject
Global
	GlobalSection(SolutionConfigurationPlatforms) = preSolution
		Debug|Any CPU = Debug|Any CPU
		Release|Any CPU = Release|Any CPU
	EndGlobalSection
	GlobalSection(ProjectConfigurationPlatforms) = postSolution
		{4E99586B-ECF2-4099-A2EE-58051D31BFAD}.Debug|Any CPU.ActiveCfg = Debug|Any CPU
		{4E99586B-ECF2-4099-A2EE-58051D31BFAD}.Debug|Any CPU.Build.0 = Debug|Any CPU
		{4E99586B-ECF2-4099-A2EE-58051D31BFAD}.Release|Any CPU.ActiveCfg = Release|Any CPU
		{4E99586B-ECF2-4099-A2EE-58051D31BFAD}.Release|Any CPU.Build.0 = Release|Any CPU
	EndGlobalSection
	GlobalSection(SolutionProperties) = preSolution
		HideSolutionNode = FALSE
	EndGlobalSection
	GlobalSection(ExtensibilityGlobals) = postSolution
		SolutionGuid = {B1212220-B127-4243-A559-F4F8BEFBEEBD}
	EndGlobalSection
EndGlobal
